
Microsoft Visual Studio Solution File, Format Version 12.00
# Visual Studio Version 17
VisualStudioVersion = 17.8.34330.188
MinimumVisualStudioVersion = 10.0.40219.1
Project("{FAE04EC0-301F-11D3-BF4B-00C04F79EFBC}") = "UserRegistration", "UserRegistration\UserRegistration.csproj", "{1C4D863F-5D03-427A-971F-56B0C1E916E6}"
EndProject
Project("{E53339B2-1760-4266-BCC7-CA923CBCF16C}") = "docker-compose", "docker-compose.dcproj", "{C39FD681-1E34-4511-BA05-913B90C83B68}"
EndProject
Global
	GlobalSection(SolutionConfigurationPlatforms) = preSolution
		Debug|Any CPU = Debug|Any CPU
		Release|Any CPU = Release|Any CPU
	EndGlobalSection
	GlobalSection(ProjectConfigurationPlatforms) = postSolution
		{1C4D863F-5D03-427A-971F-56B0C1E916E6}.Debug|Any CPU.ActiveCfg = Debug|Any CPU
		{1C4D863F-5D03-427A-971F-56B0C1E916E6}.Debug|Any CPU.Build.0 = Debug|Any CPU
		{1C4D863F-5D03-427A-971F-56B0C1E916E6}.Release|Any CPU.ActiveCfg = Release|Any CPU
		{1C4D863F-5D03-427A-971F-56B0C1E916E6}.Release|Any CPU.Build.0 = Release|Any CPU
		{C39FD681-1E34-4511-BA05-913B90C83B68}.Debug|Any CPU.ActiveCfg = Debug|Any CPU
		{C39FD681-1E34-4511-BA05-913B90C83B68}.Debug|Any CPU.Build.0 = Debug|Any CPU
		{C39FD681-1E34-4511-BA05-913B90C83B68}.Release|Any CPU.ActiveCfg = Release|Any CPU
		{C39FD681-1E34-4511-BA05-913B90C83B68}.Release|Any CPU.Build.0 = Release|Any CPU
	EndGlobalSection
	GlobalSection(SolutionProperties) = preSolution
		HideSolutionNode = FALSE
	EndGlobalSection
	GlobalSection(ExtensibilityGlobals) = postSolution
		SolutionGuid = {C52F3FE0-2DF9-4791-A90B-475AD7C4F106}
	EndGlobalSection
EndGlobal
